<?xml version="1.0" encoding="utf-8"?>
<Project ToolsVersion="4.0" xmlns="http://schemas.microsoft.com/developer/msbuild/2003">
  <ItemGroup>
    <Filter Include="app">
      <UniqueIdentifier>{4FC737F1-C7A5-4376-A066-2A32D752A2FF}</UniqueIdentifier>
      <Extensions>cpp;c;cc;cxx;def;odl;idl;hpj;bat;asm;asmx</Extensions>
    </Filter>
    <Filter Include="misc">
      <UniqueIdentifier>{ba737936-0ea8-4825-b2e8-996e2bcd7ea6}</UniqueIdentifier>
    </Filter>
  </ItemGroup>
  <ItemGroup>
    <Text Include="../README.md" />
  </ItemGroup>
  <ItemGroup>
    <ClCompile Include="..\src\app\cnvToPdf.cpp">
      <Filter>app</Filter>
    </ClCompile>
    <ClCompile Include="..\src\app\jpgfileToPdf.cpp">
      <Filter>app</Filter>
    </ClCompile>
    <ClCompile Include="..\src\app\stdafx.cpp">
      <Filter>app</Filter>
    </ClCompile>
    <ClCompile Include="..\src\misc\ExArgv.c">
      <Filter>misc</Filter>
    </ClCompile>
    <ClCompile Include="..\src\misc\fks_fname.cpp">
      <Filter>misc</Filter>
    </ClCompile>
  </ItemGroup>
  <ItemGroup>
    <ClInclude Include="..\src\misc\ExArgv.h">
      <Filter>misc</Filter>
    </ClInclude>
    <ClInclude Include="..\src\app\jpgFileToPdf.hpp">
      <Filter>app</Filter>
    </ClInclude>
    <ClInclude Include="..\src\app\stdafx.h">
      <Filter>app</Filter>
    </ClInclude>
    <ClInclude Include="..\src\misc\fks_fname.h">
      <Filter>misc</Filter>
    </ClInclude>
  </ItemGroup>
</Project>